// !$*UTF8*$!
{
	archiveVersion = 1;
	classes = {
	};
	objectVersion = 56;
	objects = {

/* Begin PBXBuildFile section */
		147E81672C93126200C5BD59 /* AppetizerApp.swift in Sources */ = {isa = PBXBuildFile; fileRef = 147E81662C93126200C5BD59 /* AppetizerApp.swift */; };
		147E81692C93126200C5BD59 /* AppetizerTabView.swift in Sources */ = {isa = PBXBuildFile; fileRef = 147E81682C93126200C5BD59 /* AppetizerTabView.swift */; };
		147E816B2C93126400C5BD59 /* Assets.xcassets in Resources */ = {isa = PBXBuildFile; fileRef = 147E816A2C93126400C5BD59 /* Assets.xcassets */; };
		147E816E2C93126400C5BD59 /* Preview Assets.xcassets in Resources */ = {isa = PBXBuildFile; fileRef = 147E816D2C93126400C5BD59 /* Preview Assets.xcassets */; };
		147E81782C93126400C5BD59 /* AppetizerTests.swift in Sources */ = {isa = PBXBuildFile; fileRef = 147E81772C93126400C5BD59 /* AppetizerTests.swift */; };
		147E81822C93126400C5BD59 /* AppetizerUITests.swift in Sources */ = {isa = PBXBuildFile; fileRef = 147E81812C93126400C5BD59 /* AppetizerUITests.swift */; };
		147E81842C93126400C5BD59 /* AppetizerUITestsLaunchTests.swift in Sources */ = {isa = PBXBuildFile; fileRef = 147E81832C93126400C5BD59 /* AppetizerUITestsLaunchTests.swift */; };
		147E81912C9312F300C5BD59 /* AccountView.swift in Sources */ = {isa = PBXBuildFile; fileRef = 147E81902C9312F300C5BD59 /* AccountView.swift */; };
		147E81932C9312FF00C5BD59 /* OrderView.swift in Sources */ = {isa = PBXBuildFile; fileRef = 147E81922C9312FF00C5BD59 /* OrderView.swift */; };
		147E81952C93139400C5BD59 /* AppetizerListView.swift in Sources */ = {isa = PBXBuildFile; fileRef = 147E81942C93139400C5BD59 /* AppetizerListView.swift */; };
		147E81972C932D0100C5BD59 /* Appetizer.swift in Sources */ = {isa = PBXBuildFile; fileRef = 147E81962C932D0100C5BD59 /* Appetizer.swift */; };
		147E81992C9337D800C5BD59 /* AppetizerListCell.swift in Sources */ = {isa = PBXBuildFile; fileRef = 147E81982C9337D800C5BD59 /* AppetizerListCell.swift */; };
		147E819B2C93393A00C5BD59 /* NetworkManager.swift in Sources */ = {isa = PBXBuildFile; fileRef = 147E819A2C93393A00C5BD59 /* NetworkManager.swift */; };
		147E819D2C933B1400C5BD59 /* APError.swift in Sources */ = {isa = PBXBuildFile; fileRef = 147E819C2C933B1400C5BD59 /* APError.swift */; };
		147E819F2C93429B00C5BD59 /* AppetizerListViewModel.swift in Sources */ = {isa = PBXBuildFile; fileRef = 147E819E2C93429B00C5BD59 /* AppetizerListViewModel.swift */; };
		147E81A12C944BFD00C5BD59 /* Alert.swift in Sources */ = {isa = PBXBuildFile; fileRef = 147E81A02C944BFD00C5BD59 /* Alert.swift */; };
		147E81A32C948C0100C5BD59 /* LoadingView.swift in Sources */ = {isa = PBXBuildFile; fileRef = 147E81A22C948C0100C5BD59 /* LoadingView.swift */; };
		147E81A52C948CD000C5BD59 /* Color+Ext.swift in Sources */ = {isa = PBXBuildFile; fileRef = 147E81A42C948CD000C5BD59 /* Color+Ext.swift */; };
		147E81A72C95B25C00C5BD59 /* RemoteImage.swift in Sources */ = {isa = PBXBuildFile; fileRef = 147E81A62C95B25C00C5BD59 /* RemoteImage.swift */; };
		147E81B62C96DD0700C5BD59 /* AppetizerDetailView.swift in Sources */ = {isa = PBXBuildFile; fileRef = 147E81B52C96DD0700C5BD59 /* AppetizerDetailView.swift */; };
		147E81B92C96F30D00C5BD59 /* APButton.swift in Sources */ = {isa = PBXBuildFile; fileRef = 147E81B82C96F30D00C5BD59 /* APButton.swift */; };
		147E81BB2C96F4F000C5BD59 /* XDismissButton.swift in Sources */ = {isa = PBXBuildFile; fileRef = 147E81BA2C96F4F000C5BD59 /* XDismissButton.swift */; };
		147E81BD2C9700E700C5BD59 /* AccountViewModel.swift in Sources */ = {isa = PBXBuildFile; fileRef = 147E81BC2C9700E700C5BD59 /* AccountViewModel.swift */; };
		147E81BF2C97034700C5BD59 /* String+Ext.swift in Sources */ = {isa = PBXBuildFile; fileRef = 147E81BE2C97034700C5BD59 /* String+Ext.swift */; };
		147E81C12C982CCD00C5BD59 /* User.swift in Sources */ = {isa = PBXBuildFile; fileRef = 147E81C02C982CCD00C5BD59 /* User.swift */; };
		147E81C32C983B1100C5BD59 /* APOrderButton.swift in Sources */ = {isa = PBXBuildFile; fileRef = 147E81C22C983B1100C5BD59 /* APOrderButton.swift */; };
		147E81C82C99643600C5BD59 /* EmptyState.swift in Sources */ = {isa = PBXBuildFile; fileRef = 147E81C72C99643600C5BD59 /* EmptyState.swift */; };
		147E81CA2C998D1600C5BD59 /* Order.swift in Sources */ = {isa = PBXBuildFile; fileRef = 147E81C92C998D1600C5BD59 /* Order.swift */; };
		147E81CC2C99A4D300C5BD59 /* CustomModifier.swift in Sources */ = {isa = PBXBuildFile; fileRef = 147E81CB2C99A4D300C5BD59 /* CustomModifier.swift */; };
/* End PBXBuildFile section */

/* Begin PBXContainerItemProxy section */
		147E81742C93126400C5BD59 /* PBXContainerItemProxy */ = {
			isa = PBXContainerItemProxy;
			containerPortal = 147E815B2C93126200C5BD59 /* Project object */;
			proxyType = 1;
			remoteGlobalIDString = 147E81622C93126200C5BD59;
			remoteInfo = Appetizer;
		};
		147E817E2C93126400C5BD59 /* PBXContainerItemProxy */ = {
			isa = PBXContainerItemProxy;
			containerPortal = 147E815B2C93126200C5BD59 /* Project object */;
			proxyType = 1;
			remoteGlobalIDString = 147E81622C93126200C5BD59;
			remoteInfo = Appetizer;
		};
/* End PBXContainerItemProxy section */

/* Begin PBXFileReference section */
		147E81632C93126200C5BD59 /* Appetizer.app */ = {isa = PBXFileReference; explicitFileType = wrapper.application; includeInIndex = 0; path = Appetizer.app; sourceTree = BUILT_PRODUCTS_DIR; };
		147E81662C93126200C5BD59 /* AppetizerApp.swift */ = {isa = PBXFileReference; lastKnownFileType = sourcecode.swift; path = AppetizerApp.swift; sourceTree = "<group>"; };
		147E81682C93126200C5BD59 /* AppetizerTabView.swift */ = {isa = PBXFileReference; lastKnownFileType = sourcecode.swift; path = AppetizerTabView.swift; sourceTree = "<group>"; };
		147E816A2C93126400C5BD59 /* Assets.xcassets */ = {isa = PBXFileReference; lastKnownFileType = folder.assetcatalog; path = Assets.xcassets; sourceTree = "<group>"; };
		147E816D2C93126400C5BD59 /* Preview Assets.xcassets */ = {isa = PBXFileReference; lastKnownFileType = folder.assetcatalog; path = "Preview Assets.xcassets"; sourceTree = "<group>"; };
		147E81732C93126400C5BD59 /* AppetizerTests.xctest */ = {isa = PBXFileReference; explicitFileType = wrapper.cfbundle; includeInIndex = 0; path = AppetizerTests.xctest; sourceTree = BUILT_PRODUCTS_DIR; };
		147E81772C93126400C5BD59 /* AppetizerTests.swift */ = {isa = PBXFileReference; lastKnownFileType = sourcecode.swift; path = AppetizerTests.swift; sourceTree = "<group>"; };
		147E817D2C93126400C5BD59 /* AppetizerUITests.xctest */ = {isa = PBXFileReference; explicitFileType = wrapper.cfbundle; includeInIndex = 0; path = AppetizerUITests.xctest; sourceTree = BUILT_PRODUCTS_DIR; };
		147E81812C93126400C5BD59 /* AppetizerUITests.swift */ = {isa = PBXFileReference; lastKnownFileType = sourcecode.swift; path = AppetizerUITests.swift; sourceTree = "<group>"; };
		147E81832C93126400C5BD59 /* AppetizerUITestsLaunchTests.swift */ = {isa = PBXFileReference; lastKnownFileType = sourcecode.swift; path = AppetizerUITestsLaunchTests.swift; sourceTree = "<group>"; };
		147E81902C9312F300C5BD59 /* AccountView.swift */ = {isa = PBXFileReference; lastKnownFileType = sourcecode.swift; path = AccountView.swift; sourceTree = "<group>"; };
		147E81922C9312FF00C5BD59 /* OrderView.swift */ = {isa = PBXFileReference; lastKnownFileType = sourcecode.swift; path = OrderView.swift; sourceTree = "<group>"; };
		147E81942C93139400C5BD59 /* AppetizerListView.swift */ = {isa = PBXFileReference; lastKnownFileType = sourcecode.swift; path = AppetizerListView.swift; sourceTree = "<group>"; };
		147E81962C932D0100C5BD59 /* Appetizer.swift */ = {isa = PBXFileReference; lastKnownFileType = sourcecode.swift; path = Appetizer.swift; sourceTree = "<group>"; };
		147E81982C9337D800C5BD59 /* AppetizerListCell.swift */ = {isa = PBXFileReference; lastKnownFileType = sourcecode.swift; path = AppetizerListCell.swift; sourceTree = "<group>"; };
		147E819A2C93393A00C5BD59 /* NetworkManager.swift */ = {isa = PBXFileReference; lastKnownFileType = sourcecode.swift; path = NetworkManager.swift; sourceTree = "<group>"; };
		147E819C2C933B1400C5BD59 /* APError.swift */ = {isa = PBXFileReference; lastKnownFileType = sourcecode.swift; path = APError.swift; sourceTree = "<group>"; };
		147E819E2C93429B00C5BD59 /* AppetizerListViewModel.swift */ = {isa = PBXFileReference; lastKnownFileType = sourcecode.swift; path = AppetizerListViewModel.swift; sourceTree = "<group>"; };
		147E81A02C944BFD00C5BD59 /* Alert.swift */ = {isa = PBXFileReference; lastKnownFileType = sourcecode.swift; path = Alert.swift; sourceTree = "<group>"; };
		147E81A22C948C0100C5BD59 /* LoadingView.swift */ = {isa = PBXFileReference; lastKnownFileType = sourcecode.swift; path = LoadingView.swift; sourceTree = "<group>"; };
		147E81A42C948CD000C5BD59 /* Color+Ext.swift */ = {isa = PBXFileReference; lastKnownFileType = sourcecode.swift; path = "Color+Ext.swift"; sourceTree = "<group>"; };
		147E81A62C95B25C00C5BD59 /* RemoteImage.swift */ = {isa = PBXFileReference; lastKnownFileType = sourcecode.swift; path = RemoteImage.swift; sourceTree = "<group>"; };
		147E81B52C96DD0700C5BD59 /* AppetizerDetailView.swift */ = {isa = PBXFileReference; lastKnownFileType = sourcecode.swift; path = AppetizerDetailView.swift; sourceTree = "<group>"; };
		147E81B82C96F30D00C5BD59 /* APButton.swift */ = {isa = PBXFileReference; lastKnownFileType = sourcecode.swift; path = APButton.swift; sourceTree = "<group>"; };
		147E81BA2C96F4F000C5BD59 /* XDismissButton.swift */ = {isa = PBXFileReference; lastKnownFileType = sourcecode.swift; path = XDismissButton.swift; sourceTree = "<group>"; };
		147E81BC2C9700E700C5BD59 /* AccountViewModel.swift */ = {isa = PBXFileReference; lastKnownFileType = sourcecode.swift; path = AccountViewModel.swift; sourceTree = "<group>"; };
		147E81BE2C97034700C5BD59 /* String+Ext.swift */ = {isa = PBXFileReference; lastKnownFileType = sourcecode.swift; path = "String+Ext.swift"; sourceTree = "<group>"; };
		147E81C02C982CCD00C5BD59 /* User.swift */ = {isa = PBXFileReference; lastKnownFileType = sourcecode.swift; path = User.swift; sourceTree = "<group>"; };
		147E81C22C983B1100C5BD59 /* APOrderButton.swift */ = {isa = PBXFileReference; lastKnownFileType = sourcecode.swift; path = APOrderButton.swift; sourceTree = "<group>"; };
		147E81C72C99643600C5BD59 /* EmptyState.swift */ = {isa = PBXFileReference; lastKnownFileType = sourcecode.swift; path = EmptyState.swift; sourceTree = "<group>"; };
		147E81C92C998D1600C5BD59 /* Order.swift */ = {isa = PBXFileReference; lastKnownFileType = sourcecode.swift; path = Order.swift; sourceTree = "<group>"; };
		147E81CB2C99A4D300C5BD59 /* CustomModifier.swift */ = {isa = PBXFileReference; lastKnownFileType = sourcecode.swift; path = CustomModifier.swift; sourceTree = "<group>"; };
/* End PBXFileReference section */

/* Begin PBXFrameworksBuildPhase section */
		147E81602C93126200C5BD59 /* Frameworks */ = {
			isa = PBXFrameworksBuildPhase;
			buildActionMask = 2147483647;
			files = (
			);
			runOnlyForDeploymentPostprocessing = 0;
		};
		147E81702C93126400C5BD59 /* Frameworks */ = {
			isa = PBXFrameworksBuildPhase;
			buildActionMask = 2147483647;
			files = (
			);
			runOnlyForDeploymentPostprocessing = 0;
		};
		147E817A2C93126400C5BD59 /* Frameworks */ = {
			isa = PBXFrameworksBuildPhase;
			buildActionMask = 2147483647;
			files = (
			);
			runOnlyForDeploymentPostprocessing = 0;
		};
/* End PBXFrameworksBuildPhase section */

/* Begin PBXGroup section */
		147E815A2C93126200C5BD59 = {
			isa = PBXGroup;
			children = (
				147E816A2C93126400C5BD59 /* Assets.xcassets */,
				147E81652C93126200C5BD59 /* Appetizer */,
				147E81762C93126400C5BD59 /* AppetizerTests */,
				147E81802C93126400C5BD59 /* AppetizerUITests */,
				147E81642C93126200C5BD59 /* Products */,
			);
			sourceTree = "<group>";
		};
		147E81642C93126200C5BD59 /* Products */ = {
			isa = PBXGroup;
			children = (
				147E81632C93126200C5BD59 /* Appetizer.app */,
				147E81732C93126400C5BD59 /* AppetizerTests.xctest */,
				147E817D2C93126400C5BD59 /* AppetizerUITests.xctest */,
			);
			name = Products;
			sourceTree = "<group>";
		};
		147E81652C93126200C5BD59 /* Appetizer */ = {
			isa = PBXGroup;
			children = (
				147E81B22C95BBF200C5BD59 /* Views */,
				147E81B02C95BB6400C5BD59 /* Model */,
				147E81AC2C95BB0A00C5BD59 /* Utilities */,
				147E81A82C95BA3D00C5BD59 /* Screens */,
				147E81662C93126200C5BD59 /* AppetizerApp.swift */,
				147E816C2C93126400C5BD59 /* Preview Content */,
			);
			path = Appetizer;
			sourceTree = "<group>";
		};
		147E816C2C93126400C5BD59 /* Preview Content */ = {
			isa = PBXGroup;
			children = (
				147E816D2C93126400C5BD59 /* Preview Assets.xcassets */,
			);
			path = "Preview Content";
			sourceTree = "<group>";
		};
		147E81762C93126400C5BD59 /* AppetizerTests */ = {
			isa = PBXGroup;
			children = (
				147E81772C93126400C5BD59 /* AppetizerTests.swift */,
			);
			path = AppetizerTests;
			sourceTree = "<group>";
		};
		147E81802C93126400C5BD59 /* AppetizerUITests */ = {
			isa = PBXGroup;
			children = (
				147E81812C93126400C5BD59 /* AppetizerUITests.swift */,
				147E81832C93126400C5BD59 /* AppetizerUITestsLaunchTests.swift */,
			);
			path = AppetizerUITests;
			sourceTree = "<group>";
		};
		147E81A82C95BA3D00C5BD59 /* Screens */ = {
			isa = PBXGroup;
			children = (
				147E81682C93126200C5BD59 /* AppetizerTabView.swift */,
				147E81B52C96DD0700C5BD59 /* AppetizerDetailView.swift */,
				147E81A92C95BA5200C5BD59 /* AppetizerListView */,
				147E81AA2C95BA6100C5BD59 /* AccountView */,
				147E81AB2C95BA6B00C5BD59 /* OrderView */,
			);
			path = Screens;
			sourceTree = "<group>";
		};
		147E81A92C95BA5200C5BD59 /* AppetizerListView */ = {
			isa = PBXGroup;
			children = (
				147E819E2C93429B00C5BD59 /* AppetizerListViewModel.swift */,
				147E81942C93139400C5BD59 /* AppetizerListView.swift */,
			);
			path = AppetizerListView;
			sourceTree = "<group>";
		};
		147E81AA2C95BA6100C5BD59 /* AccountView */ = {
			isa = PBXGroup;
			children = (
				147E81BC2C9700E700C5BD59 /* AccountViewModel.swift */,
				147E81902C9312F300C5BD59 /* AccountView.swift */,
			);
			path = AccountView;
			sourceTree = "<group>";
		};
		147E81AB2C95BA6B00C5BD59 /* OrderView */ = {
			isa = PBXGroup;
			children = (
				147E81922C9312FF00C5BD59 /* OrderView.swift */,
			);
			path = OrderView;
			sourceTree = "<group>";
		};
		147E81AC2C95BB0A00C5BD59 /* Utilities */ = {
			isa = PBXGroup;
			children = (
				147E81AF2C95BB3200C5BD59 /* Alert */,
				147E81AE2C95BB2200C5BD59 /* Extension */,
				147E81AD2C95BB1500C5BD59 /* Managers */,
			);
			path = Utilities;
			sourceTree = "<group>";
		};
		147E81AD2C95BB1500C5BD59 /* Managers */ = {
			isa = PBXGroup;
			children = (
				147E819A2C93393A00C5BD59 /* NetworkManager.swift */,
			);
			path = Managers;
			sourceTree = "<group>";
		};
		147E81AE2C95BB2200C5BD59 /* Extension */ = {
			isa = PBXGroup;
			children = (
				147E81A42C948CD000C5BD59 /* Color+Ext.swift */,
				147E81BE2C97034700C5BD59 /* String+Ext.swift */,
			);
			path = Extension;
			sourceTree = "<group>";
		};
		147E81AF2C95BB3200C5BD59 /* Alert */ = {
			isa = PBXGroup;
			children = (
				147E819C2C933B1400C5BD59 /* APError.swift */,
				147E81A02C944BFD00C5BD59 /* Alert.swift */,
			);
			path = Alert;
			sourceTree = "<group>";
		};
		147E81B02C95BB6400C5BD59 /* Model */ = {
			isa = PBXGroup;
			children = (
				147E81962C932D0100C5BD59 /* Appetizer.swift */,
				147E81C02C982CCD00C5BD59 /* User.swift */,
				147E81C92C998D1600C5BD59 /* Order.swift */,
			);
			path = Model;
			sourceTree = "<group>";
		};
		147E81B12C95BBD600C5BD59 /* UIKitComponents */ = {
			isa = PBXGroup;
			children = (
				147E81A22C948C0100C5BD59 /* LoadingView.swift */,
			);
			path = UIKitComponents;
			sourceTree = "<group>";
		};
		147E81B22C95BBF200C5BD59 /* Views */ = {
			isa = PBXGroup;
			children = (
				147E81C42C9963DB00C5BD59 /* Empty States */,
				147E81B72C96F2FB00C5BD59 /* Buttons */,
				147E81B42C95BC0700C5BD59 /* Image */,
				147E81B32C95BBFF00C5BD59 /* Cells */,
				147E81B12C95BBD600C5BD59 /* UIKitComponents */,
				147E81CB2C99A4D300C5BD59 /* CustomModifier.swift */,
			);
			path = Views;
			sourceTree = "<group>";
		};
		147E81B32C95BBFF00C5BD59 /* Cells */ = {
			isa = PBXGroup;
			children = (
				147E81982C9337D800C5BD59 /* AppetizerListCell.swift */,
			);
			path = Cells;
			sourceTree = "<group>";
		};
		147E81B42C95BC0700C5BD59 /* Image */ = {
			isa = PBXGroup;
			children = (
				147E81A62C95B25C00C5BD59 /* RemoteImage.swift */,
			);
			path = Image;
			sourceTree = "<group>";
		};
		147E81B72C96F2FB00C5BD59 /* Buttons */ = {
			isa = PBXGroup;
			children = (
				147E81B82C96F30D00C5BD59 /* APButton.swift */,
				147E81BA2C96F4F000C5BD59 /* XDismissButton.swift */,
				147E81C22C983B1100C5BD59 /* APOrderButton.swift */,
			);
			path = Buttons;
			sourceTree = "<group>";
		};
		147E81C42C9963DB00C5BD59 /* Empty States */ = {
			isa = PBXGroup;
			children = (
				147E81C72C99643600C5BD59 /* EmptyState.swift */,
			);
			path = "Empty States";
			sourceTree = "<group>";
		};
/* End PBXGroup section */

/* Begin PBXNativeTarget section */
		147E81622C93126200C5BD59 /* Appetizer */ = {
			isa = PBXNativeTarget;
			buildConfigurationList = 147E81872C93126400C5BD59 /* Build configuration list for PBXNativeTarget "Appetizer" */;
			buildPhases = (
				147E815F2C93126200C5BD59 /* Sources */,
				147E81602C93126200C5BD59 /* Frameworks */,
				147E81612C93126200C5BD59 /* Resources */,
			);
			buildRules = (
			);
			dependencies = (
			);
			name = Appetizer;
			productName = Appetizer;
			productReference = 147E81632C93126200C5BD59 /* Appetizer.app */;
			productType = "com.apple.product-type.application";
		};
		147E81722C93126400C5BD59 /* AppetizerTests */ = {
			isa = PBXNativeTarget;
			buildConfigurationList = 147E818A2C93126400C5BD59 /* Build configuration list for PBXNativeTarget "AppetizerTests" */;
			buildPhases = (
				147E816F2C93126400C5BD59 /* Sources */,
				147E81702C93126400C5BD59 /* Frameworks */,
				147E81712C93126400C5BD59 /* Resources */,
			);
			buildRules = (
			);
			dependencies = (
				147E81752C93126400C5BD59 /* PBXTargetDependency */,
			);
			name = AppetizerTests;
			productName = AppetizerTests;
			productReference = 147E81732C93126400C5BD59 /* AppetizerTests.xctest */;
			productType = "com.apple.product-type.bundle.unit-test";
		};
		147E817C2C93126400C5BD59 /* AppetizerUITests */ = {
			isa = PBXNativeTarget;
			buildConfigurationList = 147E818D2C93126400C5BD59 /* Build configuration list for PBXNativeTarget "AppetizerUITests" */;
			buildPhases = (
				147E81792C93126400C5BD59 /* Sources */,
				147E817A2C93126400C5BD59 /* Frameworks */,
				147E817B2C93126400C5BD59 /* Resources */,
			);
			buildRules = (
			);
			dependencies = (
				147E817F2C93126400C5BD59 /* PBXTargetDependency */,
			);
			name = AppetizerUITests;
			productName = AppetizerUITests;
			productReference = 147E817D2C93126400C5BD59 /* AppetizerUITests.xctest */;
			productType = "com.apple.product-type.bundle.ui-testing";
		};
/* End PBXNativeTarget section */

/* Begin PBXProject section */
		147E815B2C93126200C5BD59 /* Project object */ = {
			isa = PBXProject;
			attributes = {
				BuildIndependentTargetsInParallel = 1;
				LastSwiftUpdateCheck = 1540;
				LastUpgradeCheck = 1540;
				TargetAttributes = {
					147E81622C93126200C5BD59 = {
						CreatedOnToolsVersion = 15.4;
					};
					147E81722C93126400C5BD59 = {
						CreatedOnToolsVersion = 15.4;
						TestTargetID = 147E81622C93126200C5BD59;
					};
					147E817C2C93126400C5BD59 = {
						CreatedOnToolsVersion = 15.4;
						TestTargetID = 147E81622C93126200C5BD59;
					};
				};
			};
			buildConfigurationList = 147E815E2C93126200C5BD59 /* Build configuration list for PBXProject "Appetizer" */;
			compatibilityVersion = "Xcode 14.0";
			developmentRegion = en;
			hasScannedForEncodings = 0;
			knownRegions = (
				en,
				Base,
			);
			mainGroup = 147E815A2C93126200C5BD59;
			productRefGroup = 147E81642C93126200C5BD59 /* Products */;
			projectDirPath = "";
			projectRoot = "";
			targets = (
				147E81622C93126200C5BD59 /* Appetizer */,
				147E81722C93126400C5BD59 /* AppetizerTests */,
				147E817C2C93126400C5BD59 /* AppetizerUITests */,
			);
		};
/* End PBXProject section */

/* Begin PBXResourcesBuildPhase section */
		147E81612C93126200C5BD59 /* Resources */ = {
			isa = PBXResourcesBuildPhase;
			buildActionMask = 2147483647;
			files = (
				147E816E2C93126400C5BD59 /* Preview Assets.xcassets in Resources */,
				147E816B2C93126400C5BD59 /* Assets.xcassets in Resources */,
			);
			runOnlyForDeploymentPostprocessing = 0;
		};
		147E81712C93126400C5BD59 /* Resources */ = {
			isa = PBXResourcesBuildPhase;
			buildActionMask = 2147483647;
			files = (
			);
			runOnlyForDeploymentPostprocessing = 0;
		};
		147E817B2C93126400C5BD59 /* Resources */ = {
			isa = PBXResourcesBuildPhase;
			buildActionMask = 2147483647;
			files = (
			);
			runOnlyForDeploymentPostprocessing = 0;
		};
/* End PBXResourcesBuildPhase section */

/* Begin PBXSourcesBuildPhase section */
		147E815F2C93126200C5BD59 /* Sources */ = {
			isa = PBXSourcesBuildPhase;
			buildActionMask = 2147483647;
			files = (
				147E81972C932D0100C5BD59 /* Appetizer.swift in Sources */,
				147E819D2C933B1400C5BD59 /* APError.swift in Sources */,
				147E81BB2C96F4F000C5BD59 /* XDismissButton.swift in Sources */,
				147E81992C9337D800C5BD59 /* AppetizerListCell.swift in Sources */,
				147E81C32C983B1100C5BD59 /* APOrderButton.swift in Sources */,
				147E81BD2C9700E700C5BD59 /* AccountViewModel.swift in Sources */,
				147E819F2C93429B00C5BD59 /* AppetizerListViewModel.swift in Sources */,
				147E81A52C948CD000C5BD59 /* Color+Ext.swift in Sources */,
				147E81912C9312F300C5BD59 /* AccountView.swift in Sources */,
				147E81C12C982CCD00C5BD59 /* User.swift in Sources */,
				147E81B92C96F30D00C5BD59 /* APButton.swift in Sources */,
				147E81A32C948C0100C5BD59 /* LoadingView.swift in Sources */,
				147E81932C9312FF00C5BD59 /* OrderView.swift in Sources */,
				147E819B2C93393A00C5BD59 /* NetworkManager.swift in Sources */,
				147E81A72C95B25C00C5BD59 /* RemoteImage.swift in Sources */,
				147E81BF2C97034700C5BD59 /* String+Ext.swift in Sources */,
				147E81B62C96DD0700C5BD59 /* AppetizerDetailView.swift in Sources */,
				147E81CC2C99A4D300C5BD59 /* CustomModifier.swift in Sources */,
				147E81692C93126200C5BD59 /* AppetizerTabView.swift in Sources */,
				147E81A12C944BFD00C5BD59 /* Alert.swift in Sources */,
				147E81672C93126200C5BD59 /* AppetizerApp.swift in Sources */,
				147E81CA2C998D1600C5BD59 /* Order.swift in Sources */,
				147E81952C93139400C5BD59 /* AppetizerListView.swift in Sources */,
				147E81C82C99643600C5BD59 /* EmptyState.swift in Sources */,
			);
			runOnlyForDeploymentPostprocessing = 0;
		};
		147E816F2C93126400C5BD59 /* Sources */ = {
			isa = PBXSourcesBuildPhase;
			buildActionMask = 2147483647;
			files = (
				147E81782C93126400C5BD59 /* AppetizerTests.swift in Sources */,
			);
			runOnlyForDeploymentPostprocessing = 0;
		};
		147E81792C93126400C5BD59 /* Sources */ = {
			isa = PBXSourcesBuildPhase;
			buildActionMask = 2147483647;
			files = (
				147E81822C93126400C5BD59 /* AppetizerUITests.swift in Sources */,
				147E81842C93126400C5BD59 /* AppetizerUITestsLaunchTests.swift in Sources */,
			);
			runOnlyForDeploymentPostprocessing = 0;
		};
/* End PBXSourcesBuildPhase section */

/* Begin PBXTargetDependency section */
		147E81752C93126400C5BD59 /* PBXTargetDependency */ = {
			isa = PBXTargetDependency;
			target = 147E81622C93126200C5BD59 /* Appetizer */;
			targetProxy = 147E81742C93126400C5BD59 /* PBXContainerItemProxy */;
		};
		147E817F2C93126400C5BD59 /* PBXTargetDependency */ = {
			isa = PBXTargetDependency;
			target = 147E81622C93126200C5BD59 /* Appetizer */;
			targetProxy = 147E817E2C93126400C5BD59 /* PBXContainerItemProxy */;
		};
/* End PBXTargetDependency section */

/* Begin XCBuildConfiguration section */
		147E81852C93126400C5BD59 /* Debug */ = {
			isa = XCBuildConfiguration;
			buildSettings = {
				ALWAYS_SEARCH_USER_PATHS = NO;
				ASSETCATALOG_COMPILER_GENERATE_SWIFT_ASSET_SYMBOL_EXTENSIONS = YES;
				CLANG_ANALYZER_NONNULL = YES;
				CLANG_ANALYZER_NUMBER_OBJECT_CONVERSION = YES_AGGRESSIVE;
				CLANG_CXX_LANGUAGE_STANDARD = "gnu++20";
				CLANG_ENABLE_MODULES = YES;
				CLANG_ENABLE_OBJC_ARC = YES;
				CLANG_ENABLE_OBJC_WEAK = YES;
				CLANG_WARN_BLOCK_CAPTURE_AUTORELEASING = YES;
				CLANG_WARN_BOOL_CONVERSION = YES;
				CLANG_WARN_COMMA = YES;
				CLANG_WARN_CONSTANT_CONVERSION = YES;
				CLANG_WARN_DEPRECATED_OBJC_IMPLEMENTATIONS = YES;
				CLANG_WARN_DIRECT_OBJC_ISA_USAGE = YES_ERROR;
				CLANG_WARN_DOCUMENTATION_COMMENTS = YES;
				CLANG_WARN_EMPTY_BODY = YES;
				CLANG_WARN_ENUM_CONVERSION = YES;
				CLANG_WARN_INFINITE_RECURSION = YES;
				CLANG_WARN_INT_CONVERSION = YES;
				CLANG_WARN_NON_LITERAL_NULL_CONVERSION = YES;
				CLANG_WARN_OBJC_IMPLICIT_RETAIN_SELF = YES;
				CLANG_WARN_OBJC_LITERAL_CONVERSION = YES;
				CLANG_WARN_OBJC_ROOT_CLASS = YES_ERROR;
				CLANG_WARN_QUOTED_INCLUDE_IN_FRAMEWORK_HEADER = YES;
				CLANG_WARN_RANGE_LOOP_ANALYSIS = YES;
				CLANG_WARN_STRICT_PROTOTYPES = YES;
				CLANG_WARN_SUSPICIOUS_MOVE = YES;
				CLANG_WARN_UNGUARDED_AVAILABILITY = YES_AGGRESSIVE;
				CLANG_WARN_UNREACHABLE_CODE = YES;
				CLANG_WARN__DUPLICATE_METHOD_MATCH = YES;
				COPY_PHASE_STRIP = NO;
				DEBUG_INFORMATION_FORMAT = dwarf;
				ENABLE_STRICT_OBJC_MSGSEND = YES;
				ENABLE_TESTABILITY = YES;
				ENABLE_USER_SCRIPT_SANDBOXING = YES;
				GCC_C_LANGUAGE_STANDARD = gnu17;
				GCC_DYNAMIC_NO_PIC = NO;
				GCC_NO_COMMON_BLOCKS = YES;
				GCC_OPTIMIZATION_LEVEL = 0;
				GCC_PREPROCESSOR_DEFINITIONS = (
					"DEBUG=1",
					"$(inherited)",
				);
				GCC_WARN_64_TO_32_BIT_CONVERSION = YES;
				GCC_WARN_ABOUT_RETURN_TYPE = YES_ERROR;
				GCC_WARN_UNDECLARED_SELECTOR = YES;
				GCC_WARN_UNINITIALIZED_AUTOS = YES_AGGRESSIVE;
				GCC_WARN_UNUSED_FUNCTION = YES;
				GCC_WARN_UNUSED_VARIABLE = YES;
				IPHONEOS_DEPLOYMENT_TARGET = 17.5;
				LOCALIZATION_PREFERS_STRING_CATALOGS = YES;
				MTL_ENABLE_DEBUG_INFO = INCLUDE_SOURCE;
				MTL_FAST_MATH = YES;
				ONLY_ACTIVE_ARCH = YES;
				SDKROOT = iphoneos;
				SWIFT_ACTIVE_COMPILATION_CONDITIONS = "DEBUG $(inherited)";
				SWIFT_OPTIMIZATION_LEVEL = "-Onone";
			};
			name = Debug;
		};
		147E81862C93126400C5BD59 /* Release */ = {
			isa = XCBuildConfiguration;
			buildSettings = {
				ALWAYS_SEARCH_USER_PATHS = NO;
				ASSETCATALOG_COMPILER_GENERATE_SWIFT_ASSET_SYMBOL_EXTENSIONS = YES;
				CLANG_ANALYZER_NONNULL = YES;
				CLANG_ANALYZER_NUMBER_OBJECT_CONVERSION = YES_AGGRESSIVE;
				CLANG_CXX_LANGUAGE_STANDARD = "gnu++20";
				CLANG_ENABLE_MODULES = YES;
				CLANG_ENABLE_OBJC_ARC = YES;
				CLANG_ENABLE_OBJC_WEAK = YES;
				CLANG_WARN_BLOCK_CAPTURE_AUTORELEASING = YES;
				CLANG_WARN_BOOL_CONVERSION = YES;
				CLANG_WARN_COMMA = YES;
				CLANG_WARN_CONSTANT_CONVERSION = YES;
				CLANG_WARN_DEPRECATED_OBJC_IMPLEMENTATIONS = YES;
				CLANG_WARN_DIRECT_OBJC_ISA_USAGE = YES_ERROR;
				CLANG_WARN_DOCUMENTATION_COMMENTS = YES;
				CLANG_WARN_EMPTY_BODY = YES;
				CLANG_WARN_ENUM_CONVERSION = YES;
				CLANG_WARN_INFINITE_RECURSION = YES;
				CLANG_WARN_INT_CONVERSION = YES;
				CLANG_WARN_NON_LITERAL_NULL_CONVERSION = YES;
				CLANG_WARN_OBJC_IMPLICIT_RETAIN_SELF = YES;
				CLANG_WARN_OBJC_LITERAL_CONVERSION = YES;
				CLANG_WARN_OBJC_ROOT_CLASS = YES_ERROR;
				CLANG_WARN_QUOTED_INCLUDE_IN_FRAMEWORK_HEADER = YES;
				CLANG_WARN_RANGE_LOOP_ANALYSIS = YES;
				CLANG_WARN_STRICT_PROTOTYPES = YES;
				CLANG_WARN_SUSPICIOUS_MOVE = YES;
				CLANG_WARN_UNGUARDED_AVAILABILITY = YES_AGGRESSIVE;
				CLANG_WARN_UNREACHABLE_CODE = YES;
				CLANG_WARN__DUPLICATE_METHOD_MATCH = YES;
				COPY_PHASE_STRIP = NO;
				DEBUG_INFORMATION_FORMAT = "dwarf-with-dsym";
				ENABLE_NS_ASSERTIONS = NO;
				ENABLE_STRICT_OBJC_MSGSEND = YES;
				ENABLE_USER_SCRIPT_SANDBOXING = YES;
				GCC_C_LANGUAGE_STANDARD = gnu17;
				GCC_NO_COMMON_BLOCKS = YES;
				GCC_WARN_64_TO_32_BIT_CONVERSION = YES;
				GCC_WARN_ABOUT_RETURN_TYPE = YES_ERROR;
				GCC_WARN_UNDECLARED_SELECTOR = YES;
				GCC_WARN_UNINITIALIZED_AUTOS = YES_AGGRESSIVE;
				GCC_WARN_UNUSED_FUNCTION = YES;
				GCC_WARN_UNUSED_VARIABLE = YES;
				IPHONEOS_DEPLOYMENT_TARGET = 17.5;
				LOCALIZATION_PREFERS_STRING_CATALOGS = YES;
				MTL_ENABLE_DEBUG_INFO = NO;
				MTL_FAST_MATH = YES;
				SDKROOT = iphoneos;
				SWIFT_COMPILATION_MODE = wholemodule;
				VALIDATE_PRODUCT = YES;
			};
			name = Release;
		};
		147E81882C93126400C5BD59 /* Debug */ = {
			isa = XCBuildConfiguration;
			buildSettings = {
				ASSETCATALOG_COMPILER_APPICON_NAME = AppIcon;
				ASSETCATALOG_COMPILER_GLOBAL_ACCENT_COLOR_NAME = AccentColor;
				CODE_SIGN_STYLE = Automatic;
				CURRENT_PROJECT_VERSION = 1;
				DEVELOPMENT_ASSET_PATHS = "\"Appetizer/Preview Content\"";
				ENABLE_PREVIEWS = YES;
				GENERATE_INFOPLIST_FILE = YES;
				INFOPLIST_KEY_UIApplicationSceneManifest_Generation = YES;
				INFOPLIST_KEY_UIApplicationSupportsIndirectInputEvents = YES;
				INFOPLIST_KEY_UILaunchScreen_Generation = YES;
				INFOPLIST_KEY_UISupportedInterfaceOrientations_iPad = "UIInterfaceOrientationPortrait UIInterfaceOrientationPortraitUpsideDown UIInterfaceOrientationLandscapeLeft UIInterfaceOrientationLandscapeRight";
				INFOPLIST_KEY_UISupportedInterfaceOrientations_iPhone = "UIInterfaceOrientationPortrait UIInterfaceOrientationLandscapeLeft UIInterfaceOrientationLandscapeRight";
				LD_RUNPATH_SEARCH_PATHS = (
					"$(inherited)",
					"@executable_path/Frameworks",
				);
				MARKETING_VERSION = 1.0;
				PRODUCT_BUNDLE_IDENTIFIER = Arbaaz.Appetizer;
				PRODUCT_NAME = "$(TARGET_NAME)";
				SWIFT_EMIT_LOC_STRINGS = YES;
				SWIFT_VERSION = 5.0;
				TARGETED_DEVICE_FAMILY = "1,2";
			};
			name = Debug;
		};
		147E81892C93126400C5BD59 /* Release */ = {
			isa = XCBuildConfiguration;
			buildSettings = {
				ASSETCATALOG_COMPILER_APPICON_NAME = AppIcon;
				ASSETCATALOG_COMPILER_GLOBAL_ACCENT_COLOR_NAME = AccentColor;
				CODE_SIGN_STYLE = Automatic;
				CURRENT_PROJECT_VERSION = 1;
				DEVELOPMENT_ASSET_PATHS = "\"Appetizer/Preview Content\"";
				ENABLE_PREVIEWS = YES;
				GENERATE_INFOPLIST_FILE = YES;
				INFOPLIST_KEY_UIApplicationSceneManifest_Generation = YES;
				INFOPLIST_KEY_UIApplicationSupportsIndirectInputEvents = YES;
				INFOPLIST_KEY_UILaunchScreen_Generation = YES;
				INFOPLIST_KEY_UISupportedInterfaceOrientations_iPad = "UIInterfaceOrientationPortrait UIInterfaceOrientationPortraitUpsideDown UIInterfaceOrientationLandscapeLeft UIInterfaceOrientationLandscapeRight";
				INFOPLIST_KEY_UISupportedInterfaceOrientations_iPhone = "UIInterfaceOrientationPortrait UIInterfaceOrientationLandscapeLeft UIInterfaceOrientationLandscapeRight";
				LD_RUNPATH_SEARCH_PATHS = (
					"$(inherited)",
					"@executable_path/Frameworks",
				);
				MARKETING_VERSION = 1.0;
				PRODUCT_BUNDLE_IDENTIFIER = Arbaaz.Appetizer;
				PRODUCT_NAME = "$(TARGET_NAME)";
				SWIFT_EMIT_LOC_STRINGS = YES;
				SWIFT_VERSION = 5.0;
				TARGETED_DEVICE_FAMILY = "1,2";
			};
			name = Release;
		};
		147E818B2C93126400C5BD59 /* Debug */ = {
			isa = XCBuildConfiguration;
			buildSettings = {
				ALWAYS_EMBED_SWIFT_STANDARD_LIBRARIES = YES;
				BUNDLE_LOADER = "$(TEST_HOST)";
				CODE_SIGN_STYLE = Automatic;
				CURRENT_PROJECT_VERSION = 1;
				GENERATE_INFOPLIST_FILE = YES;
				IPHONEOS_DEPLOYMENT_TARGET = 17.5;
				MARKETING_VERSION = 1.0;
				PRODUCT_BUNDLE_IDENTIFIER = Arbaaz.AppetizerTests;
				PRODUCT_NAME = "$(TARGET_NAME)";
				SWIFT_EMIT_LOC_STRINGS = NO;
				SWIFT_VERSION = 5.0;
				TARGETED_DEVICE_FAMILY = "1,2";
				TEST_HOST = "$(BUILT_PRODUCTS_DIR)/Appetizer.app/$(BUNDLE_EXECUTABLE_FOLDER_PATH)/Appetizer";
			};
			name = Debug;
		};
		147E818C2C93126400C5BD59 /* Release */ = {
			isa = XCBuildConfiguration;
			buildSettings = {
				ALWAYS_EMBED_SWIFT_STANDARD_LIBRARIES = YES;
				BUNDLE_LOADER = "$(TEST_HOST)";
				CODE_SIGN_STYLE = Automatic;
				CURRENT_PROJECT_VERSION = 1;
				GENERATE_INFOPLIST_FILE = YES;
				IPHONEOS_DEPLOYMENT_TARGET = 17.5;
				MARKETING_VERSION = 1.0;
				PRODUCT_BUNDLE_IDENTIFIER = Arbaaz.AppetizerTests;
				PRODUCT_NAME = "$(TARGET_NAME)";
				SWIFT_EMIT_LOC_STRINGS = NO;
				SWIFT_VERSION = 5.0;
				TARGETED_DEVICE_FAMILY = "1,2";
				TEST_HOST = "$(BUILT_PRODUCTS_DIR)/Appetizer.app/$(BUNDLE_EXECUTABLE_FOLDER_PATH)/Appetizer";
			};
			name = Release;
		};
		147E818E2C93126400C5BD59 /* Debug */ = {
			isa = XCBuildConfiguration;
			buildSettings = {
				ALWAYS_EMBED_SWIFT_STANDARD_LIBRARIES = YES;
				CODE_SIGN_STYLE = Automatic;
				CURRENT_PROJECT_VERSION = 1;
				GENERATE_INFOPLIST_FILE = YES;
				MARKETING_VERSION = 1.0;
				PRODUCT_BUNDLE_IDENTIFIER = Arbaaz.AppetizerUITests;
				PRODUCT_NAME = "$(TARGET_NAME)";
				SWIFT_EMIT_LOC_STRINGS = NO;
				SWIFT_VERSION = 5.0;
				TARGETED_DEVICE_FAMILY = "1,2";
				TEST_TARGET_NAME = Appetizer;
			};
			name = Debug;
		};
		147E818F2C93126400C5BD59 /* Release */ = {
			isa = XCBuildConfiguration;
			buildSettings = {
				ALWAYS_EMBED_SWIFT_STANDARD_LIBRARIES = YES;
				CODE_SIGN_STYLE = Automatic;
				CURRENT_PROJECT_VERSION = 1;
				GENERATE_INFOPLIST_FILE = YES;
				MARKETING_VERSION = 1.0;
				PRODUCT_BUNDLE_IDENTIFIER = Arbaaz.AppetizerUITests;
				PRODUCT_NAME = "$(TARGET_NAME)";
				SWIFT_EMIT_LOC_STRINGS = NO;
				SWIFT_VERSION = 5.0;
				TARGETED_DEVICE_FAMILY = "1,2";
				TEST_TARGET_NAME = Appetizer;
			};
			name = Release;
		};
/* End XCBuildConfiguration section */

/* Begin XCConfigurationList section */
		147E815E2C93126200C5BD59 /* Build configuration list for PBXProject "Appetizer" */ = {
			isa = XCConfigurationList;
			buildConfigurations = (
				147E81852C93126400C5BD59 /* Debug */,
				147E81862C93126400C5BD59 /* Release */,
			);
			defaultConfigurationIsVisible = 0;
			defaultConfigurationName = Release;
		};
		147E81872C93126400C5BD59 /* Build configuration list for PBXNativeTarget "Appetizer" */ = {
			isa = XCConfigurationList;
			buildConfigurations = (
				147E81882C93126400C5BD59 /* Debug */,
				147E81892C93126400C5BD59 /* Release */,
			);
			defaultConfigurationIsVisible = 0;
			defaultConfigurationName = Release;
		};
		147E818A2C93126400C5BD59 /* Build configuration list for PBXNativeTarget "AppetizerTests" */ = {
			isa = XCConfigurationList;
			buildConfigurations = (
				147E818B2C93126400C5BD59 /* Debug */,
				147E818C2C93126400C5BD59 /* Release */,
			);
			defaultConfigurationIsVisible = 0;
			defaultConfigurationName = Release;
		};
		147E818D2C93126400C5BD59 /* Build configuration list for PBXNativeTarget "AppetizerUITests" */ = {
			isa = XCConfigurationList;
			buildConfigurations = (
				147E818E2C93126400C5BD59 /* Debug */,
				147E818F2C93126400C5BD59 /* Release */,
			);
			defaultConfigurationIsVisible = 0;
			defaultConfigurationName = Release;
		};
/* End XCConfigurationList section */
	};
	rootObject = 147E815B2C93126200C5BD59 /* Project object */;
}
